PODS:
  - FBSnapshotTestCase (2.1.4):
    - FBSnapshotTestCase/SwiftSupport (= 2.1.4)
  - FBSnapshotTestCase/Core (2.1.4)
  - FBSnapshotTestCase/SwiftSupport (2.1.4):
    - FBSnapshotTestCase/Core
  - QSTLib (0.1.0)

DEPENDENCIES:
  - FBSnapshotTestCase
  - QSTLib (from `../`)

SPEC REPOS:
  trunk:
    - FBSnapshotTestCase

EXTERNAL SOURCES:
  QSTLib:
    :path: "../"

SPEC CHECKSUMS:
  FBSnapshotTestCase: 094f9f314decbabe373b87cc339bea235a63e07a
  QSTLib: b0f5d5ad84e8387c6c7d8e2ffc7726eb454f70dc

PODFILE CHECKSUM: 2bc14c2f6ef539d4651e8a5cd880031a74feb57d

COCOAPODS: 1.8.4
